
Microsoft Visual Studio Solution File, Format Version 12.00
# Visual Studio 14
VisualStudioVersion = 14.0.25420.1
MinimumVisualStudioVersion = 10.0.40219.1
Project("{FAE04EC0-301F-11D3-BF4B-00C04F79EFBC}") = "VSIXProject_w", "VSIXProject_w\VSIXProject_w.csproj", "{4A7D3555-338F-4DF4-956C-F8383EFBDBFA}"
EndProject
Project("{2150E333-8FDC-42A3-9474-1A3956D46DE8}") = "Solution Items", "Solution Items", "{953A5A97-FA2C-4F9C-A296-C25F5A25F2CC}"
	ProjectSection(SolutionItems) = preProject
		VSIXProject_w\GeneralFunction.cs = VSIXProject_w\GeneralFunction.cs
		VSIXProject_w\Lemma.cs = VSIXProject_w\Lemma.cs
		VSIXProject_w\LocalVariable.cs = VSIXProject_w\LocalVariable.cs
		VSIXProject_w\Method.cs = VSIXProject_w\Method.cs
		VSIXProject_w\Program.cs = VSIXProject_w\Program.cs
		VSIXProject_w\Variable.cs = VSIXProject_w\Variable.cs
	EndProjectSection
EndProject
Project("{FAE04EC0-301F-11D3-BF4B-00C04F79EFBC}") = "VSIXProject_wTests", "VSIXProject_wTests\VSIXProject_wTests.csproj", "{2F71B54C-984D-4CCE-B9A1-518CE6BADB79}"
EndProject
Global
	GlobalSection(SolutionConfigurationPlatforms) = preSolution
		Debug|Any CPU = Debug|Any CPU
		Release|Any CPU = Release|Any CPU
	EndGlobalSection
	GlobalSection(ProjectConfigurationPlatforms) = postSolution
		{4A7D3555-338F-4DF4-956C-F8383EFBDBFA}.Debug|Any CPU.ActiveCfg = Debug|Any CPU
		{4A7D3555-338F-4DF4-956C-F8383EFBDBFA}.Debug|Any CPU.Build.0 = Debug|Any CPU
		{4A7D3555-338F-4DF4-956C-F8383EFBDBFA}.Release|Any CPU.ActiveCfg = Release|Any CPU
		{4A7D3555-338F-4DF4-956C-F8383EFBDBFA}.Release|Any CPU.Build.0 = Release|Any CPU
		{2F71B54C-984D-4CCE-B9A1-518CE6BADB79}.Debug|Any CPU.ActiveCfg = Debug|Any CPU
		{2F71B54C-984D-4CCE-B9A1-518CE6BADB79}.Debug|Any CPU.Build.0 = Debug|Any CPU
		{2F71B54C-984D-4CCE-B9A1-518CE6BADB79}.Release|Any CPU.ActiveCfg = Release|Any CPU
		{2F71B54C-984D-4CCE-B9A1-518CE6BADB79}.Release|Any CPU.Build.0 = Release|Any CPU
	EndGlobalSection
	GlobalSection(SolutionProperties) = preSolution
		HideSolutionNode = FALSE
	EndGlobalSection
EndGlobal
